
Microsoft Visual Studio Solution File, Format Version 12.00
# Visual Studio Version 17
VisualStudioVersion = 17.14.36127.28
MinimumVisualStudioVersion = 10.0.40219.1
Project("{54A90642-561A-4BB1-A94E-469ADEE60C69}") = "webapp", "webapp\webapp.esproj", "{3E267B2F-906F-90D0-AE30-1D10622C2BD7}"
EndProject
Global
	GlobalSection(SolutionConfigurationPlatforms) = preSolution
		Debug|Any CPU = Debug|Any CPU
		Release|Any CPU = Release|Any CPU
	EndGlobalSection
	GlobalSection(ProjectConfigurationPlatforms) = postSolution
		{3E267B2F-906F-90D0-AE30-1D10622C2BD7}.Debug|Any CPU.ActiveCfg = Debug|Any CPU
		{3E267B2F-906F-90D0-AE30-1D10622C2BD7}.Debug|Any CPU.Build.0 = Debug|Any CPU
		{3E267B2F-906F-90D0-AE30-1D10622C2BD7}.Debug|Any CPU.Deploy.0 = Debug|Any CPU
		{3E267B2F-906F-90D0-AE30-1D10622C2BD7}.Release|Any CPU.ActiveCfg = Release|Any CPU
		{3E267B2F-906F-90D0-AE30-1D10622C2BD7}.Release|Any CPU.Build.0 = Release|Any CPU
		{3E267B2F-906F-90D0-AE30-1D10622C2BD7}.Release|Any CPU.Deploy.0 = Release|Any CPU
	EndGlobalSection
	GlobalSection(SolutionProperties) = preSolution
		HideSolutionNode = FALSE
	EndGlobalSection
	GlobalSection(ExtensibilityGlobals) = postSolution
		SolutionGuid = {5080431E-3C9B-4EA9-B208-B6EA2813F5E6}
	EndGlobalSection
EndGlobal
